
Microsoft Visual Studio Solution File, Format Version 12.00
# Visual Studio Version 16
VisualStudioVersion = 16.0.29905.134
MinimumVisualStudioVersion = 10.0.40219.1
Project("{FAE04EC0-301F-11D3-BF4B-00C04F79EFBC}") = "StringManipulation", "StringManipulation\StringManipulation.csproj", "{721318CB-70BA-4B8E-B301-411ECA5076C3}"
EndProject
Global
	GlobalSection(SolutionConfigurationPlatforms) = preSolution
		Debug|Any CPU = Debug|Any CPU
		Release|Any CPU = Release|Any CPU
	EndGlobalSection
	GlobalSection(ProjectConfigurationPlatforms) = postSolution
		{721318CB-70BA-4B8E-B301-411ECA5076C3}.Debug|Any CPU.ActiveCfg = Debug|Any CPU
		{721318CB-70BA-4B8E-B301-411ECA5076C3}.Debug|Any CPU.Build.0 = Debug|Any CPU
		{721318CB-70BA-4B8E-B301-411ECA5076C3}.Release|Any CPU.ActiveCfg = Release|Any CPU
		{721318CB-70BA-4B8E-B301-411ECA5076C3}.Release|Any CPU.Build.0 = Release|Any CPU
	EndGlobalSection
	GlobalSection(SolutionProperties) = preSolution
		HideSolutionNode = FALSE
	EndGlobalSection
	GlobalSection(ExtensibilityGlobals) = postSolution
		SolutionGuid = {6654829B-715F-42FE-8676-9CF0CF845A4C}
	EndGlobalSection
EndGlobal
